
Microsoft Visual Studio Solution File, Format Version 12.00
# Visual Studio Version 17
VisualStudioVersion = 17.4.33213.308
MinimumVisualStudioVersion = 10.0.40219.1
Project("{FAE04EC0-301F-11D3-BF4B-00C04F79EFBC}") = "PasswordManager", "PasswordManager\PasswordManager.csproj", "{978AD0F9-1676-4850-BCC0-262A96AA9470}"
EndProject
Global
	GlobalSection(SolutionConfigurationPlatforms) = preSolution
		Debug|Any CPU = Debug|Any CPU
		Release|Any CPU = Release|Any CPU
	EndGlobalSection
	GlobalSection(ProjectConfigurationPlatforms) = postSolution
		{978AD0F9-1676-4850-BCC0-262A96AA9470}.Debug|Any CPU.ActiveCfg = Debug|Any CPU
		{978AD0F9-1676-4850-BCC0-262A96AA9470}.Debug|Any CPU.Build.0 = Debug|Any CPU
		{978AD0F9-1676-4850-BCC0-262A96AA9470}.Release|Any CPU.ActiveCfg = Release|Any CPU
		{978AD0F9-1676-4850-BCC0-262A96AA9470}.Release|Any CPU.Build.0 = Release|Any CPU
	EndGlobalSection
	GlobalSection(SolutionProperties) = preSolution
		HideSolutionNode = FALSE
	EndGlobalSection
	GlobalSection(ExtensibilityGlobals) = postSolution
		SolutionGuid = {F9BD4AD6-016C-4C02-A59C-4DEF16735722}
	EndGlobalSection
EndGlobal
